
Microsoft Visual Studio Solution File, Format Version 12.00
# Visual Studio Version 17
VisualStudioVersion = 17.5.002.0
MinimumVisualStudioVersion = 10.0.40219.1
Project("{9A19103F-16F7-4668-BE54-9A1E7A4F7556}") = "ToDoApp.API", "ToDoApp.API.csproj", "{19ED2109-BE6D-4808-A7C8-0EF5BE952BDB}"
EndProject
Global
	GlobalSection(SolutionConfigurationPlatforms) = preSolution
		Debug|Any CPU = Debug|Any CPU
		Release|Any CPU = Release|Any CPU
	EndGlobalSection
	GlobalSection(ProjectConfigurationPlatforms) = postSolution
		{19ED2109-BE6D-4808-A7C8-0EF5BE952BDB}.Debug|Any CPU.ActiveCfg = Debug|Any CPU
		{19ED2109-BE6D-4808-A7C8-0EF5BE952BDB}.Debug|Any CPU.Build.0 = Debug|Any CPU
		{19ED2109-BE6D-4808-A7C8-0EF5BE952BDB}.Release|Any CPU.ActiveCfg = Release|Any CPU
		{19ED2109-BE6D-4808-A7C8-0EF5BE952BDB}.Release|Any CPU.Build.0 = Release|Any CPU
	EndGlobalSection
	GlobalSection(SolutionProperties) = preSolution
		HideSolutionNode = FALSE
	EndGlobalSection
	GlobalSection(ExtensibilityGlobals) = postSolution
		SolutionGuid = {C7044D7D-ED44-4B4B-B041-B4E81C5F1227}
	EndGlobalSection
EndGlobal
